// !$*UTF8*$!
{
	archiveVersion = 1;
	classes = {
	};
	objectVersion = 50;
	objects = {

/* Begin PBXBuildFile section */
		3E0020482521097E0011D7C9 /* AppDelegate.swift in Sources */ = {isa = PBXBuildFile; fileRef = 3E0020472521097E0011D7C9 /* AppDelegate.swift */; };
		3E00204A2521097E0011D7C9 /* SceneDelegate.swift in Sources */ = {isa = PBXBuildFile; fileRef = 3E0020492521097E0011D7C9 /* SceneDelegate.swift */; };
		3E00204C2521097E0011D7C9 /* ViewController.swift in Sources */ = {isa = PBXBuildFile; fileRef = 3E00204B2521097E0011D7C9 /* ViewController.swift */; };
		3E00204F2521097E0011D7C9 /* Main.storyboard in Resources */ = {isa = PBXBuildFile; fileRef = 3E00204D2521097E0011D7C9 /* Main.storyboard */; };
		3E002051252109800011D7C9 /* Assets.xcassets in Resources */ = {isa = PBXBuildFile; fileRef = 3E002050252109800011D7C9 /* Assets.xcassets */; };
		3E002054252109800011D7C9 /* LaunchScreen.storyboard in Resources */ = {isa = PBXBuildFile; fileRef = 3E002052252109800011D7C9 /* LaunchScreen.storyboard */; };
		3E53DBBA2524E62600804169 /* NetworkData.swift in Sources */ = {isa = PBXBuildFile; fileRef = 3E53DBB92524E62600804169 /* NetworkData.swift */; };
		3E73C6712526C0460096D8D9 /* BackgroundColor.swift in Sources */ = {isa = PBXBuildFile; fileRef = 3E73C6702526C0460096D8D9 /* BackgroundColor.swift */; };
		3EEBBBD5252923EB00B1DFEC /* Animation.swift in Sources */ = {isa = PBXBuildFile; fileRef = 3EEBBBD4252923EB00B1DFEC /* Animation.swift */; };
		3EEBBBD725292C4200B1DFEC /* MusicPlayer.swift in Sources */ = {isa = PBXBuildFile; fileRef = 3EEBBBD625292C4200B1DFEC /* MusicPlayer.swift */; };
		3EEBBBDA25292E8100B1DFEC /* B.wav in Resources */ = {isa = PBXBuildFile; fileRef = 3EEBBBD925292E8100B1DFEC /* B.wav */; };
/* End PBXBuildFile section */

/* Begin PBXFileReference section */
		3E0020442521097E0011D7C9 /* FriendsQuotes.app */ = {isa = PBXFileReference; explicitFileType = wrapper.application; includeInIndex = 0; path = FriendsQuotes.app; sourceTree = BUILT_PRODUCTS_DIR; };
		3E0020472521097E0011D7C9 /* AppDelegate.swift */ = {isa = PBXFileReference; lastKnownFileType = sourcecode.swift; path = AppDelegate.swift; sourceTree = "<group>"; };
		3E0020492521097E0011D7C9 /* SceneDelegate.swift */ = {isa = PBXFileReference; lastKnownFileType = sourcecode.swift; path = SceneDelegate.swift; sourceTree = "<group>"; };
		3E00204B2521097E0011D7C9 /* ViewController.swift */ = {isa = PBXFileReference; lastKnownFileType = sourcecode.swift; path = ViewController.swift; sourceTree = "<group>"; };
		3E00204E2521097E0011D7C9 /* Base */ = {isa = PBXFileReference; lastKnownFileType = file.storyboard; name = Base; path = Base.lproj/Main.storyboard; sourceTree = "<group>"; };
		3E002050252109800011D7C9 /* Assets.xcassets */ = {isa = PBXFileReference; lastKnownFileType = folder.assetcatalog; path = Assets.xcassets; sourceTree = "<group>"; };
		3E002053252109800011D7C9 /* Base */ = {isa = PBXFileReference; lastKnownFileType = file.storyboard; name = Base; path = Base.lproj/LaunchScreen.storyboard; sourceTree = "<group>"; };
		3E002055252109800011D7C9 /* Info.plist */ = {isa = PBXFileReference; lastKnownFileType = text.plist.xml; path = Info.plist; sourceTree = "<group>"; };
		3E53DBB92524E62600804169 /* NetworkData.swift */ = {isa = PBXFileReference; lastKnownFileType = sourcecode.swift; path = NetworkData.swift; sourceTree = "<group>"; };
		3E73C6702526C0460096D8D9 /* BackgroundColor.swift */ = {isa = PBXFileReference; lastKnownFileType = sourcecode.swift; path = BackgroundColor.swift; sourceTree = "<group>"; };
		3EEBBBD4252923EB00B1DFEC /* Animation.swift */ = {isa = PBXFileReference; lastKnownFileType = sourcecode.swift; path = Animation.swift; sourceTree = "<group>"; };
		3EEBBBD625292C4200B1DFEC /* MusicPlayer.swift */ = {isa = PBXFileReference; lastKnownFileType = sourcecode.swift; path = MusicPlayer.swift; sourceTree = "<group>"; };
		3EEBBBD925292E8100B1DFEC /* B.wav */ = {isa = PBXFileReference; lastKnownFileType = audio.wav; path = B.wav; sourceTree = "<group>"; };
/* End PBXFileReference section */

/* Begin PBXFrameworksBuildPhase section */
		3E0020412521097E0011D7C9 /* Frameworks */ = {
			isa = PBXFrameworksBuildPhase;
			buildActionMask = 2147483647;
			files = (
			);
			runOnlyForDeploymentPostprocessing = 0;
		};
/* End PBXFrameworksBuildPhase section */

/* Begin PBXGroup section */
		3E00203B2521097E0011D7C9 = {
			isa = PBXGroup;
			children = (
				3E0020462521097E0011D7C9 /* FriendsQuotes */,
				3E0020452521097E0011D7C9 /* Products */,
			);
			sourceTree = "<group>";
		};
		3E0020452521097E0011D7C9 /* Products */ = {
			isa = PBXGroup;
			children = (
				3E0020442521097E0011D7C9 /* FriendsQuotes.app */,
			);
			name = Products;
			sourceTree = "<group>";
		};
		3E0020462521097E0011D7C9 /* FriendsQuotes */ = {
			isa = PBXGroup;
			children = (
				3EEBBBD825292E6D00B1DFEC /* Sounds */,
				3E0020472521097E0011D7C9 /* AppDelegate.swift */,
				3E0020492521097E0011D7C9 /* SceneDelegate.swift */,
				3E00204B2521097E0011D7C9 /* ViewController.swift */,
				3E00204D2521097E0011D7C9 /* Main.storyboard */,
				3E002050252109800011D7C9 /* Assets.xcassets */,
				3E002052252109800011D7C9 /* LaunchScreen.storyboard */,
				3E002055252109800011D7C9 /* Info.plist */,
				3E53DBB92524E62600804169 /* NetworkData.swift */,
				3E73C6702526C0460096D8D9 /* BackgroundColor.swift */,
				3EEBBBD4252923EB00B1DFEC /* Animation.swift */,
				3EEBBBD625292C4200B1DFEC /* MusicPlayer.swift */,
			);
			path = FriendsQuotes;
			sourceTree = "<group>";
		};
		3EEBBBD825292E6D00B1DFEC /* Sounds */ = {
			isa = PBXGroup;
			children = (
				3EEBBBD925292E8100B1DFEC /* B.wav */,
			);
			path = Sounds;
			sourceTree = "<group>";
		};
/* End PBXGroup section */

/* Begin PBXNativeTarget section */
		3E0020432521097E0011D7C9 /* FriendsQuotes */ = {
			isa = PBXNativeTarget;
			buildConfigurationList = 3E002058252109800011D7C9 /* Build configuration list for PBXNativeTarget "FriendsQuotes" */;
			buildPhases = (
				3E0020402521097E0011D7C9 /* Sources */,
				3E0020412521097E0011D7C9 /* Frameworks */,
				3E0020422521097E0011D7C9 /* Resources */,
			);
			buildRules = (
			);
			dependencies = (
			);
			name = FriendsQuotes;
			productName = FriendsQuotes;
			productReference = 3E0020442521097E0011D7C9 /* FriendsQuotes.app */;
			productType = "com.apple.product-type.application";
		};
/* End PBXNativeTarget section */

/* Begin PBXProject section */
		3E00203C2521097E0011D7C9 /* Project object */ = {
			isa = PBXProject;
			attributes = {
				LastSwiftUpdateCheck = 1160;
				LastUpgradeCheck = 1160;
				ORGANIZATIONNAME = Preety;
				TargetAttributes = {
					3E0020432521097E0011D7C9 = {
						CreatedOnToolsVersion = 11.6;
					};
				};
			};
			buildConfigurationList = 3E00203F2521097E0011D7C9 /* Build configuration list for PBXProject "FriendsQuotes" */;
			compatibilityVersion = "Xcode 9.3";
			developmentRegion = en;
			hasScannedForEncodings = 0;
			knownRegions = (
				en,
				Base,
			);
			mainGroup = 3E00203B2521097E0011D7C9;
			productRefGroup = 3E0020452521097E0011D7C9 /* Products */;
			projectDirPath = "";
			projectRoot = "";
			targets = (
				3E0020432521097E0011D7C9 /* FriendsQuotes */,
			);
		};
/* End PBXProject section */

/* Begin PBXResourcesBuildPhase section */
		3E0020422521097E0011D7C9 /* Resources */ = {
			isa = PBXResourcesBuildPhase;
			buildActionMask = 2147483647;
			files = (
				3E002054252109800011D7C9 /* LaunchScreen.storyboard in Resources */,
				3E002051252109800011D7C9 /* Assets.xcassets in Resources */,
				3E00204F2521097E0011D7C9 /* Main.storyboard in Resources */,
				3EEBBBDA25292E8100B1DFEC /* B.wav in Resources */,
			);
			runOnlyForDeploymentPostprocessing = 0;
		};
/* End PBXResourcesBuildPhase section */

/* Begin PBXSourcesBuildPhase section */
		3E0020402521097E0011D7C9 /* Sources */ = {
			isa = PBXSourcesBuildPhase;
			buildActionMask = 2147483647;
			files = (
				3E00204C2521097E0011D7C9 /* ViewController.swift in Sources */,
				3E0020482521097E0011D7C9 /* AppDelegate.swift in Sources */,
				3EEBBBD5252923EB00B1DFEC /* Animation.swift in Sources */,
				3E73C6712526C0460096D8D9 /* BackgroundColor.swift in Sources */,
				3EEBBBD725292C4200B1DFEC /* MusicPlayer.swift in Sources */,
				3E53DBBA2524E62600804169 /* NetworkData.swift in Sources */,
				3E00204A2521097E0011D7C9 /* SceneDelegate.swift in Sources */,
			);
			runOnlyForDeploymentPostprocessing = 0;
		};
/* End PBXSourcesBuildPhase section */

/* Begin PBXVariantGroup section */
		3E00204D2521097E0011D7C9 /* Main.storyboard */ = {
			isa = PBXVariantGroup;
			children = (
				3E00204E2521097E0011D7C9 /* Base */,
			);
			name = Main.storyboard;
			sourceTree = "<group>";
		};
		3E002052252109800011D7C9 /* LaunchScreen.storyboard */ = {
			isa = PBXVariantGroup;
			children = (
				3E002053252109800011D7C9 /* Base */,
			);
			name = LaunchScreen.storyboard;
			sourceTree = "<group>";
		};
/* End PBXVariantGroup section */

/* Begin XCBuildConfiguration section */
		3E002056252109800011D7C9 /* Debug */ = {
			isa = XCBuildConfiguration;
			buildSettings = {
				ALWAYS_SEARCH_USER_PATHS = NO;
				CLANG_ANALYZER_NONNULL = YES;
				CLANG_ANALYZER_NUMBER_OBJECT_CONVERSION = YES_AGGRESSIVE;
				CLANG_CXX_LANGUAGE_STANDARD = "gnu++14";
				CLANG_CXX_LIBRARY = "libc++";
				CLANG_ENABLE_MODULES = YES;
				CLANG_ENABLE_OBJC_ARC = YES;
				CLANG_ENABLE_OBJC_WEAK = YES;
				CLANG_WARN_BLOCK_CAPTURE_AUTORELEASING = YES;
				CLANG_WARN_BOOL_CONVERSION = YES;
				CLANG_WARN_COMMA = YES;
				CLANG_WARN_CONSTANT_CONVERSION = YES;
				CLANG_WARN_DEPRECATED_OBJC_IMPLEMENTATIONS = YES;
				CLANG_WARN_DIRECT_OBJC_ISA_USAGE = YES_ERROR;
				CLANG_WARN_DOCUMENTATION_COMMENTS = YES;
				CLANG_WARN_EMPTY_BODY = YES;
				CLANG_WARN_ENUM_CONVERSION = YES;
				CLANG_WARN_INFINITE_RECURSION = YES;
				CLANG_WARN_INT_CONVERSION = YES;
				CLANG_WARN_NON_LITERAL_NULL_CONVERSION = YES;
				CLANG_WARN_OBJC_IMPLICIT_RETAIN_SELF = YES;
				CLANG_WARN_OBJC_LITERAL_CONVERSION = YES;
				CLANG_WARN_OBJC_ROOT_CLASS = YES_ERROR;
				CLANG_WARN_RANGE_LOOP_ANALYSIS = YES;
				CLANG_WARN_STRICT_PROTOTYPES = YES;
				CLANG_WARN_SUSPICIOUS_MOVE = YES;
				CLANG_WARN_UNGUARDED_AVAILABILITY = YES_AGGRESSIVE;
				CLANG_WARN_UNREACHABLE_CODE = YES;
				CLANG_WARN__DUPLICATE_METHOD_MATCH = YES;
				COPY_PHASE_STRIP = NO;
				DEBUG_INFORMATION_FORMAT = dwarf;
				ENABLE_STRICT_OBJC_MSGSEND = YES;
				ENABLE_TESTABILITY = YES;
				GCC_C_LANGUAGE_STANDARD = gnu11;
				GCC_DYNAMIC_NO_PIC = NO;
				GCC_NO_COMMON_BLOCKS = YES;
				GCC_OPTIMIZATION_LEVEL = 0;
				GCC_PREPROCESSOR_DEFINITIONS = (
					"DEBUG=1",
					"$(inherited)",
				);
				GCC_WARN_64_TO_32_BIT_CONVERSION = YES;
				GCC_WARN_ABOUT_RETURN_TYPE = YES_ERROR;
				GCC_WARN_UNDECLARED_SELECTOR = YES;
				GCC_WARN_UNINITIALIZED_AUTOS = YES_AGGRESSIVE;
				GCC_WARN_UNUSED_FUNCTION = YES;
				GCC_WARN_UNUSED_VARIABLE = YES;
				IPHONEOS_DEPLOYMENT_TARGET = 13.6;
				MTL_ENABLE_DEBUG_INFO = INCLUDE_SOURCE;
				MTL_FAST_MATH = YES;
				ONLY_ACTIVE_ARCH = YES;
				SDKROOT = iphoneos;
				SWIFT_ACTIVE_COMPILATION_CONDITIONS = DEBUG;
				SWIFT_OPTIMIZATION_LEVEL = "-Onone";
			};
			name = Debug;
		};
		3E002057252109800011D7C9 /* Release */ = {
			isa = XCBuildConfiguration;
			buildSettings = {
				ALWAYS_SEARCH_USER_PATHS = NO;
				CLANG_ANALYZER_NONNULL = YES;
				CLANG_ANALYZER_NUMBER_OBJECT_CONVERSION = YES_AGGRESSIVE;
				CLANG_CXX_LANGUAGE_STANDARD = "gnu++14";
				CLANG_CXX_LIBRARY = "libc++";
				CLANG_ENABLE_MODULES = YES;
				CLANG_ENABLE_OBJC_ARC = YES;
				CLANG_ENABLE_OBJC_WEAK = YES;
				CLANG_WARN_BLOCK_CAPTURE_AUTORELEASING = YES;
				CLANG_WARN_BOOL_CONVERSION = YES;
				CLANG_WARN_COMMA = YES;
				CLANG_WARN_CONSTANT_CONVERSION = YES;
				CLANG_WARN_DEPRECATED_OBJC_IMPLEMENTATIONS = YES;
				CLANG_WARN_DIRECT_OBJC_ISA_USAGE = YES_ERROR;
				CLANG_WARN_DOCUMENTATION_COMMENTS = YES;
				CLANG_WARN_EMPTY_BODY = YES;
				CLANG_WARN_ENUM_CONVERSION = YES;
				CLANG_WARN_INFINITE_RECURSION = YES;
				CLANG_WARN_INT_CONVERSION = YES;
				CLANG_WARN_NON_LITERAL_NULL_CONVERSION = YES;
				CLANG_WARN_OBJC_IMPLICIT_RETAIN_SELF = YES;
				CLANG_WARN_OBJC_LITERAL_CONVERSION = YES;
				CLANG_WARN_OBJC_ROOT_CLASS = YES_ERROR;
				CLANG_WARN_RANGE_LOOP_ANALYSIS = YES;
				CLANG_WARN_STRICT_PROTOTYPES = YES;
				CLANG_WARN_SUSPICIOUS_MOVE = YES;
				CLANG_WARN_UNGUARDED_AVAILABILITY = YES_AGGRESSIVE;
				CLANG_WARN_UNREACHABLE_CODE = YES;
				CLANG_WARN__DUPLICATE_METHOD_MATCH = YES;
				COPY_PHASE_STRIP = NO;
				DEBUG_INFORMATION_FORMAT = "dwarf-with-dsym";
				ENABLE_NS_ASSERTIONS = NO;
				ENABLE_STRICT_OBJC_MSGSEND = YES;
				GCC_C_LANGUAGE_STANDARD = gnu11;
				GCC_NO_COMMON_BLOCKS = YES;
				GCC_WARN_64_TO_32_BIT_CONVERSION = YES;
				GCC_WARN_ABOUT_RETURN_TYPE = YES_ERROR;
				GCC_WARN_UNDECLARED_SELECTOR = YES;
				GCC_WARN_UNINITIALIZED_AUTOS = YES_AGGRESSIVE;
				GCC_WARN_UNUSED_FUNCTION = YES;
				GCC_WARN_UNUSED_VARIABLE = YES;
				IPHONEOS_DEPLOYMENT_TARGET = 13.6;
				MTL_ENABLE_DEBUG_INFO = NO;
				MTL_FAST_MATH = YES;
				SDKROOT = iphoneos;
				SWIFT_COMPILATION_MODE = wholemodule;
				SWIFT_OPTIMIZATION_LEVEL = "-O";
				VALIDATE_PRODUCT = YES;
			};
			name = Release;
		};
		3E002059252109800011D7C9 /* Debug */ = {
			isa = XCBuildConfiguration;
			buildSettings = {
				ASSETCATALOG_COMPILER_APPICON_NAME = AppIcon;
				CODE_SIGN_STYLE = Automatic;
				DEVELOPMENT_TEAM = K2A6U5YJ8G;
				INFOPLIST_FILE = FriendsQuotes/Info.plist;
				LD_RUNPATH_SEARCH_PATHS = (
					"$(inherited)",
					"@executable_path/Frameworks",
				);
				PRODUCT_BUNDLE_IDENTIFIER = com.preety.FriendsQuotes;
				PRODUCT_NAME = "$(TARGET_NAME)";
				SWIFT_VERSION = 5.0;
				TARGETED_DEVICE_FAMILY = "1,2";
			};
			name = Debug;
		};
		3E00205A252109800011D7C9 /* Release */ = {
			isa = XCBuildConfiguration;
			buildSettings = {
				ASSETCATALOG_COMPILER_APPICON_NAME = AppIcon;
				CODE_SIGN_STYLE = Automatic;
				DEVELOPMENT_TEAM = K2A6U5YJ8G;
				INFOPLIST_FILE = FriendsQuotes/Info.plist;
				LD_RUNPATH_SEARCH_PATHS = (
					"$(inherited)",
					"@executable_path/Frameworks",
				);
				PRODUCT_BUNDLE_IDENTIFIER = com.preety.FriendsQuotes;
				PRODUCT_NAME = "$(TARGET_NAME)";
				SWIFT_VERSION = 5.0;
				TARGETED_DEVICE_FAMILY = "1,2";
			};
			name = Release;
		};
/* End XCBuildConfiguration section */

/* Begin XCConfigurationList section */
		3E00203F2521097E0011D7C9 /* Build configuration list for PBXProject "FriendsQuotes" */ = {
			isa = XCConfigurationList;
			buildConfigurations = (
				3E002056252109800011D7C9 /* Debug */,
				3E002057252109800011D7C9 /* Release */,
			);
			defaultConfigurationIsVisible = 0;
			defaultConfigurationName = Release;
		};
		3E002058252109800011D7C9 /* Build configuration list for PBXNativeTarget "FriendsQuotes" */ = {
			isa = XCConfigurationList;
			buildConfigurations = (
				3E002059252109800011D7C9 /* Debug */,
				3E00205A252109800011D7C9 /* Release */,
			);
			defaultConfigurationIsVisible = 0;
			defaultConfigurationName = Release;
		};
/* End XCConfigurationList section */
	};
	rootObject = 3E00203C2521097E0011D7C9 /* Project object */;
}
